// !$*UTF8*$!
{
	archiveVersion = 1;
	classes = {
	};
	objectVersion = 56;
	objects = {

/* Begin PBXBuildFile section */
		633A25F7298CEC18000D757E /* Line_and_Pie_chartApp.swift in Sources */ = {isa = PBXBuildFile; fileRef = 633A25F6298CEC18000D757E /* Line_and_Pie_chartApp.swift */; };
		633A25F9298CEC18000D757E /* PieChart.swift in Sources */ = {isa = PBXBuildFile; fileRef = 633A25F8298CEC18000D757E /* PieChart.swift */; };
		633A25FB298CEC18000D757E /* Assets.xcassets in Resources */ = {isa = PBXBuildFile; fileRef = 633A25FA298CEC18000D757E /* Assets.xcassets */; };
		633A25FE298CEC18000D757E /* Preview Assets.xcassets in Resources */ = {isa = PBXBuildFile; fileRef = 633A25FD298CEC18000D757E /* Preview Assets.xcassets */; };
		633A2605298CECE3000D757E /* PieChartData.swift in Sources */ = {isa = PBXBuildFile; fileRef = 633A2604298CECE3000D757E /* PieChartData.swift */; };
		633A2607298CEE7B000D757E /* LineChartData.swift in Sources */ = {isa = PBXBuildFile; fileRef = 633A2606298CEE7B000D757E /* LineChartData.swift */; };
		633A2609298CEEBE000D757E /* LIneChart.swift in Sources */ = {isa = PBXBuildFile; fileRef = 633A2608298CEEBE000D757E /* LIneChart.swift */; };
/* End PBXBuildFile section */

/* Begin PBXFileReference section */
		633A25F3298CEC18000D757E /* Line and Pie chart.app */ = {isa = PBXFileReference; explicitFileType = wrapper.application; includeInIndex = 0; path = "Line and Pie chart.app"; sourceTree = BUILT_PRODUCTS_DIR; };
		633A25F6298CEC18000D757E /* Line_and_Pie_chartApp.swift */ = {isa = PBXFileReference; lastKnownFileType = sourcecode.swift; path = Line_and_Pie_chartApp.swift; sourceTree = "<group>"; };
		633A25F8298CEC18000D757E /* PieChart.swift */ = {isa = PBXFileReference; lastKnownFileType = sourcecode.swift; path = PieChart.swift; sourceTree = "<group>"; };
		633A25FA298CEC18000D757E /* Assets.xcassets */ = {isa = PBXFileReference; lastKnownFileType = folder.assetcatalog; path = Assets.xcassets; sourceTree = "<group>"; };
		633A25FD298CEC18000D757E /* Preview Assets.xcassets */ = {isa = PBXFileReference; lastKnownFileType = folder.assetcatalog; path = "Preview Assets.xcassets"; sourceTree = "<group>"; };
		633A2604298CECE3000D757E /* PieChartData.swift */ = {isa = PBXFileReference; lastKnownFileType = sourcecode.swift; path = PieChartData.swift; sourceTree = "<group>"; };
		633A2606298CEE7B000D757E /* LineChartData.swift */ = {isa = PBXFileReference; lastKnownFileType = sourcecode.swift; path = LineChartData.swift; sourceTree = "<group>"; };
		633A2608298CEEBE000D757E /* LIneChart.swift */ = {isa = PBXFileReference; lastKnownFileType = sourcecode.swift; path = LIneChart.swift; sourceTree = "<group>"; };
/* End PBXFileReference section */

/* Begin PBXFrameworksBuildPhase section */
		633A25F0298CEC18000D757E /* Frameworks */ = {
			isa = PBXFrameworksBuildPhase;
			buildActionMask = 2147483647;
			files = (
			);
			runOnlyForDeploymentPostprocessing = 0;
		};
/* End PBXFrameworksBuildPhase section */

/* Begin PBXGroup section */
		633A25EA298CEC18000D757E = {
			isa = PBXGroup;
			children = (
				633A25F5298CEC18000D757E /* Line and Pie chart */,
				633A25F4298CEC18000D757E /* Products */,
			);
			sourceTree = "<group>";
		};
		633A25F4298CEC18000D757E /* Products */ = {
			isa = PBXGroup;
			children = (
				633A25F3298CEC18000D757E /* Line and Pie chart.app */,
			);
			name = Products;
			sourceTree = "<group>";
		};
		633A25F5298CEC18000D757E /* Line and Pie chart */ = {
			isa = PBXGroup;
			children = (
				633A25F6298CEC18000D757E /* Line_and_Pie_chartApp.swift */,
				633A25F8298CEC18000D757E /* PieChart.swift */,
				633A2604298CECE3000D757E /* PieChartData.swift */,
				633A2606298CEE7B000D757E /* LineChartData.swift */,
				633A2608298CEEBE000D757E /* LIneChart.swift */,
				633A25FA298CEC18000D757E /* Assets.xcassets */,
				633A25FC298CEC18000D757E /* Preview Content */,
			);
			path = "Line and Pie chart";
			sourceTree = "<group>";
		};
		633A25FC298CEC18000D757E /* Preview Content */ = {
			isa = PBXGroup;
			children = (
				633A25FD298CEC18000D757E /* Preview Assets.xcassets */,
			);
			path = "Preview Content";
			sourceTree = "<group>";
		};
/* End PBXGroup section */

/* Begin PBXNativeTarget section */
		633A25F2298CEC18000D757E /* Line and Pie chart */ = {
			isa = PBXNativeTarget;
			buildConfigurationList = 633A2601298CEC18000D757E /* Build configuration list for PBXNativeTarget "Line and Pie chart" */;
			buildPhases = (
				633A25EF298CEC18000D757E /* Sources */,
				633A25F0298CEC18000D757E /* Frameworks */,
				633A25F1298CEC18000D757E /* Resources */,
			);
			buildRules = (
			);
			dependencies = (
			);
			name = "Line and Pie chart";
			productName = "Line and Pie chart";
			productReference = 633A25F3298CEC18000D757E /* Line and Pie chart.app */;
			productType = "com.apple.product-type.application";
		};
/* End PBXNativeTarget section */

/* Begin PBXProject section */
		633A25EB298CEC18000D757E /* Project object */ = {
			isa = PBXProject;
			attributes = {
				BuildIndependentTargetsInParallel = 1;
				LastSwiftUpdateCheck = 1420;
				LastUpgradeCheck = 1420;
				TargetAttributes = {
					633A25F2298CEC18000D757E = {
						CreatedOnToolsVersion = 14.2;
					};
				};
			};
			buildConfigurationList = 633A25EE298CEC18000D757E /* Build configuration list for PBXProject "Line and Pie chart" */;
			compatibilityVersion = "Xcode 14.0";
			developmentRegion = en;
			hasScannedForEncodings = 0;
			knownRegions = (
				en,
				Base,
			);
			mainGroup = 633A25EA298CEC18000D757E;
			productRefGroup = 633A25F4298CEC18000D757E /* Products */;
			projectDirPath = "";
			projectRoot = "";
			targets = (
				633A25F2298CEC18000D757E /* Line and Pie chart */,
			);
		};
/* End PBXProject section */

/* Begin PBXResourcesBuildPhase section */
		633A25F1298CEC18000D757E /* Resources */ = {
			isa = PBXResourcesBuildPhase;
			buildActionMask = 2147483647;
			files = (
				633A25FE298CEC18000D757E /* Preview Assets.xcassets in Resources */,
				633A25FB298CEC18000D757E /* Assets.xcassets in Resources */,
			);
			runOnlyForDeploymentPostprocessing = 0;
		};
/* End PBXResourcesBuildPhase section */

/* Begin PBXSourcesBuildPhase section */
		633A25EF298CEC18000D757E /* Sources */ = {
			isa = PBXSourcesBuildPhase;
			buildActionMask = 2147483647;
			files = (
				633A25F9298CEC18000D757E /* PieChart.swift in Sources */,
				633A2605298CECE3000D757E /* PieChartData.swift in Sources */,
				633A2607298CEE7B000D757E /* LineChartData.swift in Sources */,
				633A25F7298CEC18000D757E /* Line_and_Pie_chartApp.swift in Sources */,
				633A2609298CEEBE000D757E /* LIneChart.swift in Sources */,
			);
			runOnlyForDeploymentPostprocessing = 0;
		};
/* End PBXSourcesBuildPhase section */

/* Begin XCBuildConfiguration section */
		633A25FF298CEC18000D757E /* Debug */ = {
			isa = XCBuildConfiguration;
			buildSettings = {
				ALWAYS_SEARCH_USER_PATHS = NO;
				CLANG_ANALYZER_NONNULL = YES;
				CLANG_ANALYZER_NUMBER_OBJECT_CONVERSION = YES_AGGRESSIVE;
				CLANG_CXX_LANGUAGE_STANDARD = "gnu++20";
				CLANG_ENABLE_MODULES = YES;
				CLANG_ENABLE_OBJC_ARC = YES;
				CLANG_ENABLE_OBJC_WEAK = YES;
				CLANG_WARN_BLOCK_CAPTURE_AUTORELEASING = YES;
				CLANG_WARN_BOOL_CONVERSION = YES;
				CLANG_WARN_COMMA = YES;
				CLANG_WARN_CONSTANT_CONVERSION = YES;
				CLANG_WARN_DEPRECATED_OBJC_IMPLEMENTATIONS = YES;
				CLANG_WARN_DIRECT_OBJC_ISA_USAGE = YES_ERROR;
				CLANG_WARN_DOCUMENTATION_COMMENTS = YES;
				CLANG_WARN_EMPTY_BODY = YES;
				CLANG_WARN_ENUM_CONVERSION = YES;
				CLANG_WARN_INFINITE_RECURSION = YES;
				CLANG_WARN_INT_CONVERSION = YES;
				CLANG_WARN_NON_LITERAL_NULL_CONVERSION = YES;
				CLANG_WARN_OBJC_IMPLICIT_RETAIN_SELF = YES;
				CLANG_WARN_OBJC_LITERAL_CONVERSION = YES;
				CLANG_WARN_OBJC_ROOT_CLASS = YES_ERROR;
				CLANG_WARN_QUOTED_INCLUDE_IN_FRAMEWORK_HEADER = YES;
				CLANG_WARN_RANGE_LOOP_ANALYSIS = YES;
				CLANG_WARN_STRICT_PROTOTYPES = YES;
				CLANG_WARN_SUSPICIOUS_MOVE = YES;
				CLANG_WARN_UNGUARDED_AVAILABILITY = YES_AGGRESSIVE;
				CLANG_WARN_UNREACHABLE_CODE = YES;
				CLANG_WARN__DUPLICATE_METHOD_MATCH = YES;
				COPY_PHASE_STRIP = NO;
				DEBUG_INFORMATION_FORMAT = dwarf;
				ENABLE_STRICT_OBJC_MSGSEND = YES;
				ENABLE_TESTABILITY = YES;
				GCC_C_LANGUAGE_STANDARD = gnu11;
				GCC_DYNAMIC_NO_PIC = NO;
				GCC_NO_COMMON_BLOCKS = YES;
				GCC_OPTIMIZATION_LEVEL = 0;
				GCC_PREPROCESSOR_DEFINITIONS = (
					"DEBUG=1",
					"$(inherited)",
				);
				GCC_WARN_64_TO_32_BIT_CONVERSION = YES;
				GCC_WARN_ABOUT_RETURN_TYPE = YES_ERROR;
				GCC_WARN_UNDECLARED_SELECTOR = YES;
				GCC_WARN_UNINITIALIZED_AUTOS = YES_AGGRESSIVE;
				GCC_WARN_UNUSED_FUNCTION = YES;
				GCC_WARN_UNUSED_VARIABLE = YES;
				IPHONEOS_DEPLOYMENT_TARGET = 16.2;
				MTL_ENABLE_DEBUG_INFO = INCLUDE_SOURCE;
				MTL_FAST_MATH = YES;
				ONLY_ACTIVE_ARCH = YES;
				SDKROOT = iphoneos;
				SWIFT_ACTIVE_COMPILATION_CONDITIONS = DEBUG;
				SWIFT_OPTIMIZATION_LEVEL = "-Onone";
			};
			name = Debug;
		};
		633A2600298CEC18000D757E /* Release */ = {
			isa = XCBuildConfiguration;
			buildSettings = {
				ALWAYS_SEARCH_USER_PATHS = NO;
				CLANG_ANALYZER_NONNULL = YES;
				CLANG_ANALYZER_NUMBER_OBJECT_CONVERSION = YES_AGGRESSIVE;
				CLANG_CXX_LANGUAGE_STANDARD = "gnu++20";
				CLANG_ENABLE_MODULES = YES;
				CLANG_ENABLE_OBJC_ARC = YES;
				CLANG_ENABLE_OBJC_WEAK = YES;
				CLANG_WARN_BLOCK_CAPTURE_AUTORELEASING = YES;
				CLANG_WARN_BOOL_CONVERSION = YES;
				CLANG_WARN_COMMA = YES;
				CLANG_WARN_CONSTANT_CONVERSION = YES;
				CLANG_WARN_DEPRECATED_OBJC_IMPLEMENTATIONS = YES;
				CLANG_WARN_DIRECT_OBJC_ISA_USAGE = YES_ERROR;
				CLANG_WARN_DOCUMENTATION_COMMENTS = YES;
				CLANG_WARN_EMPTY_BODY = YES;
				CLANG_WARN_ENUM_CONVERSION = YES;
				CLANG_WARN_INFINITE_RECURSION = YES;
				CLANG_WARN_INT_CONVERSION = YES;
				CLANG_WARN_NON_LITERAL_NULL_CONVERSION = YES;
				CLANG_WARN_OBJC_IMPLICIT_RETAIN_SELF = YES;
				CLANG_WARN_OBJC_LITERAL_CONVERSION = YES;
				CLANG_WARN_OBJC_ROOT_CLASS = YES_ERROR;
				CLANG_WARN_QUOTED_INCLUDE_IN_FRAMEWORK_HEADER = YES;
				CLANG_WARN_RANGE_LOOP_ANALYSIS = YES;
				CLANG_WARN_STRICT_PROTOTYPES = YES;
				CLANG_WARN_SUSPICIOUS_MOVE = YES;
				CLANG_WARN_UNGUARDED_AVAILABILITY = YES_AGGRESSIVE;
				CLANG_WARN_UNREACHABLE_CODE = YES;
				CLANG_WARN__DUPLICATE_METHOD_MATCH = YES;
				COPY_PHASE_STRIP = NO;
				DEBUG_INFORMATION_FORMAT = "dwarf-with-dsym";
				ENABLE_NS_ASSERTIONS = NO;
				ENABLE_STRICT_OBJC_MSGSEND = YES;
				GCC_C_LANGUAGE_STANDARD = gnu11;
				GCC_NO_COMMON_BLOCKS = YES;
				GCC_WARN_64_TO_32_BIT_CONVERSION = YES;
				GCC_WARN_ABOUT_RETURN_TYPE = YES_ERROR;
				GCC_WARN_UNDECLARED_SELECTOR = YES;
				GCC_WARN_UNINITIALIZED_AUTOS = YES_AGGRESSIVE;
				GCC_WARN_UNUSED_FUNCTION = YES;
				GCC_WARN_UNUSED_VARIABLE = YES;
				IPHONEOS_DEPLOYMENT_TARGET = 16.2;
				MTL_ENABLE_DEBUG_INFO = NO;
				MTL_FAST_MATH = YES;
				SDKROOT = iphoneos;
				SWIFT_COMPILATION_MODE = wholemodule;
				SWIFT_OPTIMIZATION_LEVEL = "-O";
				VALIDATE_PRODUCT = YES;
			};
			name = Release;
		};
		633A2602298CEC18000D757E /* Debug */ = {
			isa = XCBuildConfiguration;
			buildSettings = {
				ASSETCATALOG_COMPILER_APPICON_NAME = AppIcon;
				ASSETCATALOG_COMPILER_GLOBAL_ACCENT_COLOR_NAME = AccentColor;
				CODE_SIGN_STYLE = Automatic;
				CURRENT_PROJECT_VERSION = 1;
				DEVELOPMENT_ASSET_PATHS = "\"Line and Pie chart/Preview Content\"";
				DEVELOPMENT_TEAM = G9G64N85GB;
				ENABLE_PREVIEWS = YES;
				GENERATE_INFOPLIST_FILE = YES;
				INFOPLIST_KEY_UIApplicationSceneManifest_Generation = YES;
				INFOPLIST_KEY_UIApplicationSupportsIndirectInputEvents = YES;
				INFOPLIST_KEY_UILaunchScreen_Generation = YES;
				INFOPLIST_KEY_UISupportedInterfaceOrientations_iPad = "UIInterfaceOrientationPortrait UIInterfaceOrientationPortraitUpsideDown UIInterfaceOrientationLandscapeLeft UIInterfaceOrientationLandscapeRight";
				INFOPLIST_KEY_UISupportedInterfaceOrientations_iPhone = "UIInterfaceOrientationPortrait UIInterfaceOrientationLandscapeLeft UIInterfaceOrientationLandscapeRight";
				LD_RUNPATH_SEARCH_PATHS = (
					"$(inherited)",
					"@executable_path/Frameworks",
				);
				MARKETING_VERSION = 1.0;
				PRODUCT_BUNDLE_IDENTIFIER = "com.gmail.killefrostgod.net.Line-and-Pie-chart";
				PRODUCT_NAME = "$(TARGET_NAME)";
				SWIFT_EMIT_LOC_STRINGS = YES;
				SWIFT_VERSION = 5.0;
				TARGETED_DEVICE_FAMILY = "1,2";
			};
			name = Debug;
		};
		633A2603298CEC18000D757E /* Release */ = {
			isa = XCBuildConfiguration;
			buildSettings = {
				ASSETCATALOG_COMPILER_APPICON_NAME = AppIcon;
				ASSETCATALOG_COMPILER_GLOBAL_ACCENT_COLOR_NAME = AccentColor;
				CODE_SIGN_STYLE = Automatic;
				CURRENT_PROJECT_VERSION = 1;
				DEVELOPMENT_ASSET_PATHS = "\"Line and Pie chart/Preview Content\"";
				DEVELOPMENT_TEAM = G9G64N85GB;
				ENABLE_PREVIEWS = YES;
				GENERATE_INFOPLIST_FILE = YES;
				INFOPLIST_KEY_UIApplicationSceneManifest_Generation = YES;
				INFOPLIST_KEY_UIApplicationSupportsIndirectInputEvents = YES;
				INFOPLIST_KEY_UILaunchScreen_Generation = YES;
				INFOPLIST_KEY_UISupportedInterfaceOrientations_iPad = "UIInterfaceOrientationPortrait UIInterfaceOrientationPortraitUpsideDown UIInterfaceOrientationLandscapeLeft UIInterfaceOrientationLandscapeRight";
				INFOPLIST_KEY_UISupportedInterfaceOrientations_iPhone = "UIInterfaceOrientationPortrait UIInterfaceOrientationLandscapeLeft UIInterfaceOrientationLandscapeRight";
				LD_RUNPATH_SEARCH_PATHS = (
					"$(inherited)",
					"@executable_path/Frameworks",
				);
				MARKETING_VERSION = 1.0;
				PRODUCT_BUNDLE_IDENTIFIER = "com.gmail.killefrostgod.net.Line-and-Pie-chart";
				PRODUCT_NAME = "$(TARGET_NAME)";
				SWIFT_EMIT_LOC_STRINGS = YES;
				SWIFT_VERSION = 5.0;
				TARGETED_DEVICE_FAMILY = "1,2";
			};
			name = Release;
		};
/* End XCBuildConfiguration section */

/* Begin XCConfigurationList section */
		633A25EE298CEC18000D757E /* Build configuration list for PBXProject "Line and Pie chart" */ = {
			isa = XCConfigurationList;
			buildConfigurations = (
				633A25FF298CEC18000D757E /* Debug */,
				633A2600298CEC18000D757E /* Release */,
			);
			defaultConfigurationIsVisible = 0;
			defaultConfigurationName = Release;
		};
		633A2601298CEC18000D757E /* Build configuration list for PBXNativeTarget "Line and Pie chart" */ = {
			isa = XCConfigurationList;
			buildConfigurations = (
				633A2602298CEC18000D757E /* Debug */,
				633A2603298CEC18000D757E /* Release */,
			);
			defaultConfigurationIsVisible = 0;
			defaultConfigurationName = Release;
		};
/* End XCConfigurationList section */
	};
	rootObject = 633A25EB298CEC18000D757E /* Project object */;
}
